// !$*UTF8*$!
{
	archiveVersion = 1;
	classes = {
	};
	objectVersion = 50;
	objects = {

/* Begin PBXBuildFile section */
		14CBC02D247AAF7200B7AC44 /* AppDelegate.swift in Sources */ = {isa = PBXBuildFile; fileRef = 14CBC02C247AAF7200B7AC44 /* AppDelegate.swift */; };
		14CBC02F247AAF7200B7AC44 /* SceneDelegate.swift in Sources */ = {isa = PBXBuildFile; fileRef = 14CBC02E247AAF7200B7AC44 /* SceneDelegate.swift */; };
		14CBC031247AAF7200B7AC44 /* ContentView.swift in Sources */ = {isa = PBXBuildFile; fileRef = 14CBC030247AAF7200B7AC44 /* ContentView.swift */; };
		14CBC033247AAF7600B7AC44 /* Assets.xcassets in Resources */ = {isa = PBXBuildFile; fileRef = 14CBC032247AAF7600B7AC44 /* Assets.xcassets */; };
		14CBC036247AAF7600B7AC44 /* Preview Assets.xcassets in Resources */ = {isa = PBXBuildFile; fileRef = 14CBC035247AAF7600B7AC44 /* Preview Assets.xcassets */; };
		14CBC039247AAF7600B7AC44 /* LaunchScreen.storyboard in Resources */ = {isa = PBXBuildFile; fileRef = 14CBC037247AAF7600B7AC44 /* LaunchScreen.storyboard */; };
/* End PBXBuildFile section */

/* Begin PBXFileReference section */
		14CBC029247AAF7200B7AC44 /* SwiftUI-TabView.app */ = {isa = PBXFileReference; explicitFileType = wrapper.application; includeInIndex = 0; path = "SwiftUI-TabView.app"; sourceTree = BUILT_PRODUCTS_DIR; };
		14CBC02C247AAF7200B7AC44 /* AppDelegate.swift */ = {isa = PBXFileReference; lastKnownFileType = sourcecode.swift; path = AppDelegate.swift; sourceTree = "<group>"; };
		14CBC02E247AAF7200B7AC44 /* SceneDelegate.swift */ = {isa = PBXFileReference; lastKnownFileType = sourcecode.swift; path = SceneDelegate.swift; sourceTree = "<group>"; };
		14CBC030247AAF7200B7AC44 /* ContentView.swift */ = {isa = PBXFileReference; lastKnownFileType = sourcecode.swift; path = ContentView.swift; sourceTree = "<group>"; };
		14CBC032247AAF7600B7AC44 /* Assets.xcassets */ = {isa = PBXFileReference; lastKnownFileType = folder.assetcatalog; path = Assets.xcassets; sourceTree = "<group>"; };
		14CBC035247AAF7600B7AC44 /* Preview Assets.xcassets */ = {isa = PBXFileReference; lastKnownFileType = folder.assetcatalog; path = "Preview Assets.xcassets"; sourceTree = "<group>"; };
		14CBC038247AAF7600B7AC44 /* Base */ = {isa = PBXFileReference; lastKnownFileType = file.storyboard; name = Base; path = Base.lproj/LaunchScreen.storyboard; sourceTree = "<group>"; };
		14CBC03A247AAF7600B7AC44 /* Info.plist */ = {isa = PBXFileReference; lastKnownFileType = text.plist.xml; path = Info.plist; sourceTree = "<group>"; };
/* End PBXFileReference section */

/* Begin PBXFrameworksBuildPhase section */
		14CBC026247AAF7200B7AC44 /* Frameworks */ = {
			isa = PBXFrameworksBuildPhase;
			buildActionMask = 2147483647;
			files = (
			);
			runOnlyForDeploymentPostprocessing = 0;
		};
/* End PBXFrameworksBuildPhase section */

/* Begin PBXGroup section */
		14CBC020247AAF7200B7AC44 = {
			isa = PBXGroup;
			children = (
				14CBC02B247AAF7200B7AC44 /* SwiftUI-TabView */,
				14CBC02A247AAF7200B7AC44 /* Products */,
			);
			sourceTree = "<group>";
		};
		14CBC02A247AAF7200B7AC44 /* Products */ = {
			isa = PBXGroup;
			children = (
				14CBC029247AAF7200B7AC44 /* SwiftUI-TabView.app */,
			);
			name = Products;
			sourceTree = "<group>";
		};
		14CBC02B247AAF7200B7AC44 /* SwiftUI-TabView */ = {
			isa = PBXGroup;
			children = (
				14CBC02C247AAF7200B7AC44 /* AppDelegate.swift */,
				14CBC02E247AAF7200B7AC44 /* SceneDelegate.swift */,
				14CBC030247AAF7200B7AC44 /* ContentView.swift */,
				14CBC032247AAF7600B7AC44 /* Assets.xcassets */,
				14CBC037247AAF7600B7AC44 /* LaunchScreen.storyboard */,
				14CBC03A247AAF7600B7AC44 /* Info.plist */,
				14CBC034247AAF7600B7AC44 /* Preview Content */,
			);
			path = "SwiftUI-TabView";
			sourceTree = "<group>";
		};
		14CBC034247AAF7600B7AC44 /* Preview Content */ = {
			isa = PBXGroup;
			children = (
				14CBC035247AAF7600B7AC44 /* Preview Assets.xcassets */,
			);
			path = "Preview Content";
			sourceTree = "<group>";
		};
/* End PBXGroup section */

/* Begin PBXNativeTarget section */
		14CBC028247AAF7200B7AC44 /* SwiftUI-TabView */ = {
			isa = PBXNativeTarget;
			buildConfigurationList = 14CBC03D247AAF7600B7AC44 /* Build configuration list for PBXNativeTarget "SwiftUI-TabView" */;
			buildPhases = (
				14CBC025247AAF7200B7AC44 /* Sources */,
				14CBC026247AAF7200B7AC44 /* Frameworks */,
				14CBC027247AAF7200B7AC44 /* Resources */,
			);
			buildRules = (
			);
			dependencies = (
			);
			name = "SwiftUI-TabView";
			productName = "SwiftUI-TabView";
			productReference = 14CBC029247AAF7200B7AC44 /* SwiftUI-TabView.app */;
			productType = "com.apple.product-type.application";
		};
/* End PBXNativeTarget section */

/* Begin PBXProject section */
		14CBC021247AAF7200B7AC44 /* Project object */ = {
			isa = PBXProject;
			attributes = {
				LastSwiftUpdateCheck = 1140;
				LastUpgradeCheck = 1140;
				ORGANIZATIONNAME = ceren;
				TargetAttributes = {
					14CBC028247AAF7200B7AC44 = {
						CreatedOnToolsVersion = 11.4;
					};
				};
			};
			buildConfigurationList = 14CBC024247AAF7200B7AC44 /* Build configuration list for PBXProject "SwiftUI-TabView" */;
			compatibilityVersion = "Xcode 9.3";
			developmentRegion = en;
			hasScannedForEncodings = 0;
			knownRegions = (
				en,
				Base,
			);
			mainGroup = 14CBC020247AAF7200B7AC44;
			productRefGroup = 14CBC02A247AAF7200B7AC44 /* Products */;
			projectDirPath = "";
			projectRoot = "";
			targets = (
				14CBC028247AAF7200B7AC44 /* SwiftUI-TabView */,
			);
		};
/* End PBXProject section */

/* Begin PBXResourcesBuildPhase section */
		14CBC027247AAF7200B7AC44 /* Resources */ = {
			isa = PBXResourcesBuildPhase;
			buildActionMask = 2147483647;
			files = (
				14CBC039247AAF7600B7AC44 /* LaunchScreen.storyboard in Resources */,
				14CBC036247AAF7600B7AC44 /* Preview Assets.xcassets in Resources */,
				14CBC033247AAF7600B7AC44 /* Assets.xcassets in Resources */,
			);
			runOnlyForDeploymentPostprocessing = 0;
		};
/* End PBXResourcesBuildPhase section */

/* Begin PBXSourcesBuildPhase section */
		14CBC025247AAF7200B7AC44 /* Sources */ = {
			isa = PBXSourcesBuildPhase;
			buildActionMask = 2147483647;
			files = (
				14CBC02D247AAF7200B7AC44 /* AppDelegate.swift in Sources */,
				14CBC02F247AAF7200B7AC44 /* SceneDelegate.swift in Sources */,
				14CBC031247AAF7200B7AC44 /* ContentView.swift in Sources */,
			);
			runOnlyForDeploymentPostprocessing = 0;
		};
/* End PBXSourcesBuildPhase section */

/* Begin PBXVariantGroup section */
		14CBC037247AAF7600B7AC44 /* LaunchScreen.storyboard */ = {
			isa = PBXVariantGroup;
			children = (
				14CBC038247AAF7600B7AC44 /* Base */,
			);
			name = LaunchScreen.storyboard;
			sourceTree = "<group>";
		};
/* End PBXVariantGroup section */

/* Begin XCBuildConfiguration section */
		14CBC03B247AAF7600B7AC44 /* Debug */ = {
			isa = XCBuildConfiguration;
			buildSettings = {
				ALWAYS_SEARCH_USER_PATHS = NO;
				CLANG_ANALYZER_NONNULL = YES;
				CLANG_ANALYZER_NUMBER_OBJECT_CONVERSION = YES_AGGRESSIVE;
				CLANG_CXX_LANGUAGE_STANDARD = "gnu++14";
				CLANG_CXX_LIBRARY = "libc++";
				CLANG_ENABLE_MODULES = YES;
				CLANG_ENABLE_OBJC_ARC = YES;
				CLANG_ENABLE_OBJC_WEAK = YES;
				CLANG_WARN_BLOCK_CAPTURE_AUTORELEASING = YES;
				CLANG_WARN_BOOL_CONVERSION = YES;
				CLANG_WARN_COMMA = YES;
				CLANG_WARN_CONSTANT_CONVERSION = YES;
				CLANG_WARN_DEPRECATED_OBJC_IMPLEMENTATIONS = YES;
				CLANG_WARN_DIRECT_OBJC_ISA_USAGE = YES_ERROR;
				CLANG_WARN_DOCUMENTATION_COMMENTS = YES;
				CLANG_WARN_EMPTY_BODY = YES;
				CLANG_WARN_ENUM_CONVERSION = YES;
				CLANG_WARN_INFINITE_RECURSION = YES;
				CLANG_WARN_INT_CONVERSION = YES;
				CLANG_WARN_NON_LITERAL_NULL_CONVERSION = YES;
				CLANG_WARN_OBJC_IMPLICIT_RETAIN_SELF = YES;
				CLANG_WARN_OBJC_LITERAL_CONVERSION = YES;
				CLANG_WARN_OBJC_ROOT_CLASS = YES_ERROR;
				CLANG_WARN_RANGE_LOOP_ANALYSIS = YES;
				CLANG_WARN_STRICT_PROTOTYPES = YES;
				CLANG_WARN_SUSPICIOUS_MOVE = YES;
				CLANG_WARN_UNGUARDED_AVAILABILITY = YES_AGGRESSIVE;
				CLANG_WARN_UNREACHABLE_CODE = YES;
				CLANG_WARN__DUPLICATE_METHOD_MATCH = YES;
				COPY_PHASE_STRIP = NO;
				DEBUG_INFORMATION_FORMAT = dwarf;
				ENABLE_STRICT_OBJC_MSGSEND = YES;
				ENABLE_TESTABILITY = YES;
				GCC_C_LANGUAGE_STANDARD = gnu11;
				GCC_DYNAMIC_NO_PIC = NO;
				GCC_NO_COMMON_BLOCKS = YES;
				GCC_OPTIMIZATION_LEVEL = 0;
				GCC_PREPROCESSOR_DEFINITIONS = (
					"DEBUG=1",
					"$(inherited)",
				);
				GCC_WARN_64_TO_32_BIT_CONVERSION = YES;
				GCC_WARN_ABOUT_RETURN_TYPE = YES_ERROR;
				GCC_WARN_UNDECLARED_SELECTOR = YES;
				GCC_WARN_UNINITIALIZED_AUTOS = YES_AGGRESSIVE;
				GCC_WARN_UNUSED_FUNCTION = YES;
				GCC_WARN_UNUSED_VARIABLE = YES;
				IPHONEOS_DEPLOYMENT_TARGET = 13.4;
				MTL_ENABLE_DEBUG_INFO = INCLUDE_SOURCE;
				MTL_FAST_MATH = YES;
				ONLY_ACTIVE_ARCH = YES;
				SDKROOT = iphoneos;
				SWIFT_ACTIVE_COMPILATION_CONDITIONS = DEBUG;
				SWIFT_OPTIMIZATION_LEVEL = "-Onone";
			};
			name = Debug;
		};
		14CBC03C247AAF7600B7AC44 /* Release */ = {
			isa = XCBuildConfiguration;
			buildSettings = {
				ALWAYS_SEARCH_USER_PATHS = NO;
				CLANG_ANALYZER_NONNULL = YES;
				CLANG_ANALYZER_NUMBER_OBJECT_CONVERSION = YES_AGGRESSIVE;
				CLANG_CXX_LANGUAGE_STANDARD = "gnu++14";
				CLANG_CXX_LIBRARY = "libc++";
				CLANG_ENABLE_MODULES = YES;
				CLANG_ENABLE_OBJC_ARC = YES;
				CLANG_ENABLE_OBJC_WEAK = YES;
				CLANG_WARN_BLOCK_CAPTURE_AUTORELEASING = YES;
				CLANG_WARN_BOOL_CONVERSION = YES;
				CLANG_WARN_COMMA = YES;
				CLANG_WARN_CONSTANT_CONVERSION = YES;
				CLANG_WARN_DEPRECATED_OBJC_IMPLEMENTATIONS = YES;
				CLANG_WARN_DIRECT_OBJC_ISA_USAGE = YES_ERROR;
				CLANG_WARN_DOCUMENTATION_COMMENTS = YES;
				CLANG_WARN_EMPTY_BODY = YES;
				CLANG_WARN_ENUM_CONVERSION = YES;
				CLANG_WARN_INFINITE_RECURSION = YES;
				CLANG_WARN_INT_CONVERSION = YES;
				CLANG_WARN_NON_LITERAL_NULL_CONVERSION = YES;
				CLANG_WARN_OBJC_IMPLICIT_RETAIN_SELF = YES;
				CLANG_WARN_OBJC_LITERAL_CONVERSION = YES;
				CLANG_WARN_OBJC_ROOT_CLASS = YES_ERROR;
				CLANG_WARN_RANGE_LOOP_ANALYSIS = YES;
				CLANG_WARN_STRICT_PROTOTYPES = YES;
				CLANG_WARN_SUSPICIOUS_MOVE = YES;
				CLANG_WARN_UNGUARDED_AVAILABILITY = YES_AGGRESSIVE;
				CLANG_WARN_UNREACHABLE_CODE = YES;
				CLANG_WARN__DUPLICATE_METHOD_MATCH = YES;
				COPY_PHASE_STRIP = NO;
				DEBUG_INFORMATION_FORMAT = "dwarf-with-dsym";
				ENABLE_NS_ASSERTIONS = NO;
				ENABLE_STRICT_OBJC_MSGSEND = YES;
				GCC_C_LANGUAGE_STANDARD = gnu11;
				GCC_NO_COMMON_BLOCKS = YES;
				GCC_WARN_64_TO_32_BIT_CONVERSION = YES;
				GCC_WARN_ABOUT_RETURN_TYPE = YES_ERROR;
				GCC_WARN_UNDECLARED_SELECTOR = YES;
				GCC_WARN_UNINITIALIZED_AUTOS = YES_AGGRESSIVE;
				GCC_WARN_UNUSED_FUNCTION = YES;
				GCC_WARN_UNUSED_VARIABLE = YES;
				IPHONEOS_DEPLOYMENT_TARGET = 13.4;
				MTL_ENABLE_DEBUG_INFO = NO;
				MTL_FAST_MATH = YES;
				SDKROOT = iphoneos;
				SWIFT_COMPILATION_MODE = wholemodule;
				SWIFT_OPTIMIZATION_LEVEL = "-O";
				VALIDATE_PRODUCT = YES;
			};
			name = Release;
		};
		14CBC03E247AAF7600B7AC44 /* Debug */ = {
			isa = XCBuildConfiguration;
			buildSettings = {
				ASSETCATALOG_COMPILER_APPICON_NAME = AppIcon;
				CODE_SIGN_STYLE = Automatic;
				DEVELOPMENT_ASSET_PATHS = "\"SwiftUI-TabView/Preview Content\"";
				DEVELOPMENT_TEAM = T66S44XPZ4;
				ENABLE_PREVIEWS = YES;
				INFOPLIST_FILE = "SwiftUI-TabView/Info.plist";
				LD_RUNPATH_SEARCH_PATHS = (
					"$(inherited)",
					"@executable_path/Frameworks",
				);
				PRODUCT_BUNDLE_IDENTIFIER = "com.SwiftUI-TabView";
				PRODUCT_NAME = "$(TARGET_NAME)";
				SWIFT_VERSION = 5.0;
				TARGETED_DEVICE_FAMILY = "1,2";
			};
			name = Debug;
		};
		14CBC03F247AAF7600B7AC44 /* Release */ = {
			isa = XCBuildConfiguration;
			buildSettings = {
				ASSETCATALOG_COMPILER_APPICON_NAME = AppIcon;
				CODE_SIGN_STYLE = Automatic;
				DEVELOPMENT_ASSET_PATHS = "\"SwiftUI-TabView/Preview Content\"";
				DEVELOPMENT_TEAM = T66S44XPZ4;
				ENABLE_PREVIEWS = YES;
				INFOPLIST_FILE = "SwiftUI-TabView/Info.plist";
				LD_RUNPATH_SEARCH_PATHS = (
					"$(inherited)",
					"@executable_path/Frameworks",
				);
				PRODUCT_BUNDLE_IDENTIFIER = "com.SwiftUI-TabView";
				PRODUCT_NAME = "$(TARGET_NAME)";
				SWIFT_VERSION = 5.0;
				TARGETED_DEVICE_FAMILY = "1,2";
			};
			name = Release;
		};
/* End XCBuildConfiguration section */

/* Begin XCConfigurationList section */
		14CBC024247AAF7200B7AC44 /* Build configuration list for PBXProject "SwiftUI-TabView" */ = {
			isa = XCConfigurationList;
			buildConfigurations = (
				14CBC03B247AAF7600B7AC44 /* Debug */,
				14CBC03C247AAF7600B7AC44 /* Release */,
			);
			defaultConfigurationIsVisible = 0;
			defaultConfigurationName = Release;
		};
		14CBC03D247AAF7600B7AC44 /* Build configuration list for PBXNativeTarget "SwiftUI-TabView" */ = {
			isa = XCConfigurationList;
			buildConfigurations = (
				14CBC03E247AAF7600B7AC44 /* Debug */,
				14CBC03F247AAF7600B7AC44 /* Release */,
			);
			defaultConfigurationIsVisible = 0;
			defaultConfigurationName = Release;
		};
/* End XCConfigurationList section */
	};
	rootObject = 14CBC021247AAF7200B7AC44 /* Project object */;
}
